// !$*UTF8*$!
{
	archiveVersion = 1;
	classes = {
	};
	objectVersion = 46;
	objects = {

/* Begin PBXBuildFile section */
		1E791A721688123C008106F3 /* PHLevelsHorizAnimation.m in Sources */ = {isa = PBXBuildFile; fileRef = 1E791A711688123B008106F3 /* PHLevelsHorizAnimation.m */; };
		1E791A74168820AB008106F3 /* PHNyanCatAnimation.m in Sources */ = {isa = PBXBuildFile; fileRef = 1E791A73168820AA008106F3 /* PHNyanCatAnimation.m */; };
		3A9AF24E1688369300C960E3 /* PHFlyingRectAnimation.m in Sources */ = {isa = PBXBuildFile; fileRef = 3A9AF24D1688369300C960E3 /* PHFlyingRectAnimation.m */; };
		660D259A1689B20100727312 /* PHRotationAnimation.m in Sources */ = {isa = PBXBuildFile; fileRef = 660D25991689B20000727312 /* PHRotationAnimation.m */; };
		662CA849167FFFC800FC800F /* PHSpectrumViewerAnimation.m in Sources */ = {isa = PBXBuildFile; fileRef = 662CA848167FFFC800FC800F /* PHSpectrumViewerAnimation.m */; };
		662DE54D1686854B00F300CE /* PHLaunchpadView.m in Sources */ = {isa = PBXBuildFile; fileRef = 662DE54C1686854B00F300CE /* PHLaunchpadView.m */; };
		662DE5501686875D00F300CE /* ableton_logo_screen.png in Resources */ = {isa = PBXBuildFile; fileRef = 662DE54F1686875D00F300CE /* ableton_logo_screen.png */; };
		662DE5531686894B00F300CE /* PHLaunchpadWindow.m in Sources */ = {isa = PBXBuildFile; fileRef = 662DE5521686894B00F300CE /* PHLaunchpadWindow.m */; };
		662DE55516868AF400F300CE /* novation.png in Resources */ = {isa = PBXBuildFile; fileRef = 662DE55416868AF400F300CE /* novation.png */; };
		662DE55716868BB100F300CE /* launchpad.png in Resources */ = {isa = PBXBuildFile; fileRef = 662DE55616868BB100F300CE /* launchpad.png */; };
		662DE5701686AA9F00F300CE /* PHMIDIMessage.m in Sources */ = {isa = PBXBuildFile; fileRef = 662DE56F1686AA9F00F300CE /* PHMIDIMessage.m */; };
		662F5916167849E500ADE02C /* clouds.qtz in Resources */ = {isa = PBXBuildFile; fileRef = 662F5915167849E500ADE02C /* clouds.qtz */; };
		662F591816784B2F00ADE02C /* Quartz.framework in Frameworks */ = {isa = PBXBuildFile; fileRef = 662F591716784B2F00ADE02C /* Quartz.framework */; };
		662F591A16784B3D00ADE02C /* OpenGL.framework in Frameworks */ = {isa = PBXBuildFile; fileRef = 662F591916784B3D00ADE02C /* OpenGL.framework */; };
		662F591E16784B8900ADE02C /* PHQuartzRenderer.m in Sources */ = {isa = PBXBuildFile; fileRef = 662F591D16784B8900ADE02C /* PHQuartzRenderer.m */; };
		662F5920167858FD00ADE02C /* mesh.qtz in Resources */ = {isa = PBXBuildFile; fileRef = 662F591F167858FD00ADE02C /* mesh.qtz */; };
		662F592216785B0300ADE02C /* particlerain.qtz in Resources */ = {isa = PBXBuildFile; fileRef = 662F592116785B0300ADE02C /* particlerain.qtz */; };
		662F592416785D3400ADE02C /* terremouvante4.qtz in Resources */ = {isa = PBXBuildFile; fileRef = 662F592316785D3400ADE02C /* terremouvante4.qtz */; };
		662F592616785D7200ADE02C /* balls.qtz in Resources */ = {isa = PBXBuildFile; fileRef = 662F592516785D7200ADE02C /* balls.qtz */; };
		662F592816785DF700ADE02C /* tree.qtz in Resources */ = {isa = PBXBuildFile; fileRef = 662F592716785DF700ADE02C /* tree.qtz */; };
		6637526E16843E16009A2F22 /* PHBasicSpectrumAnimation.m in Sources */ = {isa = PBXBuildFile; fileRef = 6637526D16843E15009A2F22 /* PHBasicSpectrumAnimation.m */; };
		6637527116843E3C009A2F22 /* PHDegrader.m in Sources */ = {isa = PBXBuildFile; fileRef = 6637527016843E3C009A2F22 /* PHDegrader.m */; };
		66393E69168AC819002BD86F /* PHMote.m in Sources */ = {isa = PBXBuildFile; fileRef = 66393E68168AC819002BD86F /* PHMote.m */; };
		66393E6D168AD63E002BD86F /* PHMoteServer.m in Sources */ = {isa = PBXBuildFile; fileRef = 66393E6C168AD63E002BD86F /* PHMoteServer.m */; };
		66393E70168ADB9B002BD86F /* PHSimpleMoteAnimation.m in Sources */ = {isa = PBXBuildFile; fileRef = 66393E6F168ADB9A002BD86F /* PHSimpleMoteAnimation.m */; };
		66393E7B168AEFC7002BD86F /* PHTooltipWindow.m in Sources */ = {isa = PBXBuildFile; fileRef = 66393E7A168AEFC7002BD86F /* PHTooltipWindow.m */; };
		66393E7E168AEFFD002BD86F /* PHTooltipView.m in Sources */ = {isa = PBXBuildFile; fileRef = 66393E7D168AEFFD002BD86F /* PHTooltipView.m */; };
		663C83A1168EC254003B88A1 /* PHProcessingServer.m in Sources */ = {isa = PBXBuildFile; fileRef = 663C83A0168EC254003B88A1 /* PHProcessingServer.m */; };
		663C83A3168ECD84003B88A1 /* fonts in Resources */ = {isa = PBXBuildFile; fileRef = 663C83A2168ECD84003B88A1 /* fonts */; };
		663C83A6168EE50F003B88A1 /* PHProcessingAnimation.m in Sources */ = {isa = PBXBuildFile; fileRef = 663C83A5168EE50F003B88A1 /* PHProcessingAnimation.m */; };
		663C83A9168EE542003B88A1 /* PHProcessingSource.m in Sources */ = {isa = PBXBuildFile; fileRef = 663C83A8168EE542003B88A1 /* PHProcessingSource.m */; };
		663C83AC168F0520003B88A1 /* PHDJAnimation.m in Sources */ = {isa = PBXBuildFile; fileRef = 663C83AB168F0520003B88A1 /* PHDJAnimation.m */; };
		66593C1016859451003449FE /* PHPikachuEmotingAnimation.m in Sources */ = {isa = PBXBuildFile; fileRef = 66593C0F16859451003449FE /* PHPikachuEmotingAnimation.m */; };
		66753A9B168486220092EDF0 /* PHFireworksAnimation.m in Sources */ = {isa = PBXBuildFile; fileRef = 66753A9A168486220092EDF0 /* PHFireworksAnimation.m */; };
		66753A9F168499010092EDF0 /* PHFlyingFireballAnimation.m in Sources */ = {isa = PBXBuildFile; fileRef = 66753A9E168499010092EDF0 /* PHFlyingFireballAnimation.m */; };
		668520EA168290B90063A95A /* PHAnimation.m in Sources */ = {isa = PBXBuildFile; fileRef = 668520E9168290B90063A95A /* PHAnimation.m */; };
		668520EE168292200063A95A /* PHAnimationDriver.m in Sources */ = {isa = PBXBuildFile; fileRef = 668520ED168292200063A95A /* PHAnimationDriver.m */; };
		6693A308168BCF1B00DA2946 /* PHTunnelGameAnimation.m in Sources */ = {isa = PBXBuildFile; fileRef = 6693A307168BCF1B00DA2946 /* PHTunnelGameAnimation.m */; };
		6693A30B168C0ECA00DA2946 /* PHCountdownAnimation.m in Sources */ = {isa = PBXBuildFile; fileRef = 6693A30A168C0ECA00DA2946 /* PHCountdownAnimation.m */; };
		6693A310168C264D00DA2946 /* PHRipplesAnimation.m in Sources */ = {isa = PBXBuildFile; fileRef = 6693A30F168C264C00DA2946 /* PHRipplesAnimation.m */; };
		6693A313168FE0D800DA2946 /* PHSophJoyAnimation.m in Sources */ = {isa = PBXBuildFile; fileRef = 6693A312168FE0D700DA2946 /* PHSophJoyAnimation.m */; };
		6693A316168FF0F700DA2946 /* PHCombAnimation.m in Sources */ = {isa = PBXBuildFile; fileRef = 6693A315168FF0F600DA2946 /* PHCombAnimation.m */; };
		66A26D54168847EC009F7B33 /* PHPixelHeartAnimation.m in Sources */ = {isa = PBXBuildFile; fileRef = 66A26D53168847EC009F7B33 /* PHPixelHeartAnimation.m */; };
		66A26D721689190A009F7B33 /* PHGameOfLifeAnimation.m in Sources */ = {isa = PBXBuildFile; fileRef = 66A26D711689190A009F7B33 /* PHGameOfLifeAnimation.m */; };
		66A26D7616892A2F009F7B33 /* PHWaveFormView.m in Sources */ = {isa = PBXBuildFile; fileRef = 66A26D7516892A2E009F7B33 /* PHWaveFormView.m */; };
		66A64E8C1691437100A701BA /* PHAdventureTimeAnimation.m in Sources */ = {isa = PBXBuildFile; fileRef = 66A64E8B1691437100A701BA /* PHAdventureTimeAnimation.m */; };
		66A64E8F1691441600A701BA /* PHPixelRainAnimation.m in Sources */ = {isa = PBXBuildFile; fileRef = 66A64E8E1691441600A701BA /* PHPixelRainAnimation.m */; };
		66A8E01D167C075800FBAFE8 /* libfmodex.dylib in Frameworks */ = {isa = PBXBuildFile; fileRef = 66A8E01C167C074F00FBAFE8 /* libfmodex.dylib */; };
		66A8E021167C078700FBAFE8 /* PHFMODRecorder.mm in Sources */ = {isa = PBXBuildFile; fileRef = 66A8E020167C078700FBAFE8 /* PHFMODRecorder.mm */; };
		66A8E025167C0E3900FBAFE8 /* PHSpectrumAnalyzerView.m in Sources */ = {isa = PBXBuildFile; fileRef = 66A8E024167C0E3900FBAFE8 /* PHSpectrumAnalyzerView.m */; };
		66A8E028167C11C100FBAFE8 /* PHInfoPanel.m in Sources */ = {isa = PBXBuildFile; fileRef = 66A8E027167C11C100FBAFE8 /* PHInfoPanel.m */; };
		66A8E02C167C202B00FBAFE8 /* PHDisplayLink.m in Sources */ = {isa = PBXBuildFile; fileRef = 66A8E02B167C202B00FBAFE8 /* PHDisplayLink.m */; };
		66A8E030167C259A00FBAFE8 /* PHBitmapPipeline.m in Sources */ = {isa = PBXBuildFile; fileRef = 66A8E02F167C259A00FBAFE8 /* PHBitmapPipeline.m */; };
		66A8E036167D731C00FBAFE8 /* PHBitmapView.m in Sources */ = {isa = PBXBuildFile; fileRef = 66A8E035167D731C00FBAFE8 /* PHBitmapView.m */; };
		66A8E03A167D747400FBAFE8 /* PHLaunchpadMIDIDriver.m in Sources */ = {isa = PBXBuildFile; fileRef = 66A8E039167D747400FBAFE8 /* PHLaunchpadMIDIDriver.m */; };
		66A8E03C167D748400FBAFE8 /* CoreMIDI.framework in Frameworks */ = {isa = PBXBuildFile; fileRef = 66A8E03B167D748400FBAFE8 /* CoreMIDI.framework */; };
		66BCF7011686CB4500D2DF06 /* PHSineWaveAnimation.m in Sources */ = {isa = PBXBuildFile; fileRef = 66BCF7001686CB4500D2DF06 /* PHSineWaveAnimation.m */; };
		66BCF7041686CEA600D2DF06 /* PHPsychadelicBackgroundAnimation.m in Sources */ = {isa = PBXBuildFile; fileRef = 66BCF7031686CEA600D2DF06 /* PHPsychadelicBackgroundAnimation.m */; };
		66BCF73316880B3500D2DF06 /* PHCompositeAnimation.m in Sources */ = {isa = PBXBuildFile; fileRef = 66BCF73216880B3500D2DF06 /* PHCompositeAnimation.m */; };
		66CD3AC91682C0AB00C798E7 /* PHBassPlate.m in Sources */ = {isa = PBXBuildFile; fileRef = 66CD3AC81682C0AB00C798E7 /* PHBassPlate.m */; };
		66DC7B521676FC2F00453E8F /* Cocoa.framework in Frameworks */ = {isa = PBXBuildFile; fileRef = 66DC7B511676FC2F00453E8F /* Cocoa.framework */; };
		66DC7B5C1676FC2F00453E8F /* InfoPlist.strings in Resources */ = {isa = PBXBuildFile; fileRef = 66DC7B5A1676FC2F00453E8F /* InfoPlist.strings */; };
		66DC7B5E1676FC2F00453E8F /* main.m in Sources */ = {isa = PBXBuildFile; fileRef = 66DC7B5D1676FC2F00453E8F /* main.m */; };
		66DC7B621676FC2F00453E8F /* Credits.rtf in Resources */ = {isa = PBXBuildFile; fileRef = 66DC7B601676FC2F00453E8F /* Credits.rtf */; };
		66DC7B651676FC2F00453E8F /* AppDelegate.m in Sources */ = {isa = PBXBuildFile; fileRef = 66DC7B641676FC2F00453E8F /* AppDelegate.m */; };
		66DC7B681676FC3000453E8F /* MainMenu.xib in Resources */ = {isa = PBXBuildFile; fileRef = 66DC7B661676FC3000453E8F /* MainMenu.xib */; };
		66DC7B751676FFE400453E8F /* p9813.c in Sources */ = {isa = PBXBuildFile; fileRef = 66DC7B731676FFE400453E8F /* p9813.c */; };
		66DC7B7C167725E900453E8F /* PHWallView.m in Sources */ = {isa = PBXBuildFile; fileRef = 66DC7B7B167725E900453E8F /* PHWallView.m */; };
		66DC7B7F1677299300453E8F /* PHDriver.m in Sources */ = {isa = PBXBuildFile; fileRef = 66DC7B7E1677299300453E8F /* PHDriver.m */; };
		66DC7B8316773BE200453E8F /* IOKit.framework in Frameworks */ = {isa = PBXBuildFile; fileRef = 66DC7B8216773BE200453E8F /* IOKit.framework */; };
		66DC7B8616773EE000453E8F /* PHUSBNotifier.m in Sources */ = {isa = PBXBuildFile; fileRef = 66DC7B8516773EE000453E8F /* PHUSBNotifier.m */; };
		66DC7B8916773FC200453E8F /* Utilities.m in Sources */ = {isa = PBXBuildFile; fileRef = 66DC7B8816773FC200453E8F /* Utilities.m */; };
		66DF3F9416854C15008E8105 /* PHResetAnimation.m in Sources */ = {isa = PBXBuildFile; fileRef = 66DF3F9316854C15008E8105 /* PHResetAnimation.m */; };
		66F6640816854FA3001E77BC /* spritesheets in Resources */ = {isa = PBXBuildFile; fileRef = 66F6640716854FA3001E77BC /* spritesheets */; };
		66F6640C16854FF8001E77BC /* PHMegamanAnimation.m in Sources */ = {isa = PBXBuildFile; fileRef = 66F6640B16854FF8001E77BC /* PHMegamanAnimation.m */; };
		66F664101685504F001E77BC /* PHSpritesheet.m in Sources */ = {isa = PBXBuildFile; fileRef = 66F6640F1685504F001E77BC /* PHSpritesheet.m */; };
		66FC91E316785FA100C02C59 /* slime.qtz in Resources */ = {isa = PBXBuildFile; fileRef = 66FC91E216785FA100C02C59 /* slime.qtz */; };
		66FC91E7167863CB00C02C59 /* fire.qtz in Resources */ = {isa = PBXBuildFile; fileRef = 66FC91E6167863CB00C02C59 /* fire.qtz */; };
		66FC91E9167864B200C02C59 /* mouse.qtz in Resources */ = {isa = PBXBuildFile; fileRef = 66FC91E8167864B200C02C59 /* mouse.qtz */; };
		66FC91EB167864EA00C02C59 /* cube.qtz in Resources */ = {isa = PBXBuildFile; fileRef = 66FC91EA167864EA00C02C59 /* cube.qtz */; };
		66FC91ED167865A400C02C59 /* meteor.qtz in Resources */ = {isa = PBXBuildFile; fileRef = 66FC91EC167865A400C02C59 /* meteor.qtz */; };
		66FC91EF167865E900C02C59 /* clock.qtz in Resources */ = {isa = PBXBuildFile; fileRef = 66FC91EE167865E900C02C59 /* clock.qtz */; };
/* End PBXBuildFile section */

/* Begin PBXFileReference section */
		1E791A6F1688122E008106F3 /* PHLevelsHorizAnimation.h */ = {isa = PBXFileReference; fileEncoding = 4; lastKnownFileType = sourcecode.c.h; path = PHLevelsHorizAnimation.h; sourceTree = "<group>"; };
		1E791A711688123B008106F3 /* PHLevelsHorizAnimation.m */ = {isa = PBXFileReference; fileEncoding = 4; lastKnownFileType = sourcecode.c.objc; path = PHLevelsHorizAnimation.m; sourceTree = "<group>"; };
		1E791A73168820AA008106F3 /* PHNyanCatAnimation.m */ = {isa = PBXFileReference; fileEncoding = 4; lastKnownFileType = sourcecode.c.objc; path = PHNyanCatAnimation.m; sourceTree = "<group>"; };
		1E791A75168820BF008106F3 /* PHNyanCatAnimation.h */ = {isa = PBXFileReference; fileEncoding = 4; lastKnownFileType = sourcecode.c.h; path = PHNyanCatAnimation.h; sourceTree = "<group>"; };
		3A9AF24C1688369300C960E3 /* PHFlyingRectAnimation.h */ = {isa = PBXFileReference; fileEncoding = 4; lastKnownFileType = sourcecode.c.h; path = PHFlyingRectAnimation.h; sourceTree = "<group>"; };
		3A9AF24D1688369300C960E3 /* PHFlyingRectAnimation.m */ = {isa = PBXFileReference; fileEncoding = 4; lastKnownFileType = sourcecode.c.objc; path = PHFlyingRectAnimation.m; sourceTree = "<group>"; };
		660D25981689B20000727312 /* PHRotationAnimation.h */ = {isa = PBXFileReference; fileEncoding = 4; lastKnownFileType = sourcecode.c.h; path = PHRotationAnimation.h; sourceTree = "<group>"; };
		660D25991689B20000727312 /* PHRotationAnimation.m */ = {isa = PBXFileReference; fileEncoding = 4; lastKnownFileType = sourcecode.c.objc; path = PHRotationAnimation.m; sourceTree = "<group>"; };
		662CA847167FFFC800FC800F /* PHSpectrumViewerAnimation.h */ = {isa = PBXFileReference; fileEncoding = 4; lastKnownFileType = sourcecode.c.h; path = PHSpectrumViewerAnimation.h; sourceTree = "<group>"; };
		662CA848167FFFC800FC800F /* PHSpectrumViewerAnimation.m */ = {isa = PBXFileReference; fileEncoding = 4; lastKnownFileType = sourcecode.c.objc; path = PHSpectrumViewerAnimation.m; sourceTree = "<group>"; };
		662CA84A167FFFE400FC800F /* PHAnimation.h */ = {isa = PBXFileReference; fileEncoding = 4; lastKnownFileType = sourcecode.c.h; path = PHAnimation.h; sourceTree = "<group>"; };
		662DE54B1686854B00F300CE /* PHLaunchpadView.h */ = {isa = PBXFileReference; fileEncoding = 4; lastKnownFileType = sourcecode.c.h; path = PHLaunchpadView.h; sourceTree = "<group>"; };
		662DE54C1686854B00F300CE /* PHLaunchpadView.m */ = {isa = PBXFileReference; fileEncoding = 4; lastKnownFileType = sourcecode.c.objc; path = PHLaunchpadView.m; sourceTree = "<group>"; };
		662DE54F1686875D00F300CE /* ableton_logo_screen.png */ = {isa = PBXFileReference; lastKnownFileType = image.png; name = ableton_logo_screen.png; path = PixelDriver/ableton_logo_screen.png; sourceTree = "<group>"; };
		662DE5511686894B00F300CE /* PHLaunchpadWindow.h */ = {isa = PBXFileReference; fileEncoding = 4; lastKnownFileType = sourcecode.c.h; path = PHLaunchpadWindow.h; sourceTree = "<group>"; };
		662DE5521686894B00F300CE /* PHLaunchpadWindow.m */ = {isa = PBXFileReference; fileEncoding = 4; lastKnownFileType = sourcecode.c.objc; path = PHLaunchpadWindow.m; sourceTree = "<group>"; };
		662DE55416868AF400F300CE /* novation.png */ = {isa = PBXFileReference; lastKnownFileType = image.png; name = novation.png; path = PixelDriver/novation.png; sourceTree = "<group>"; };
		662DE55616868BB100F300CE /* launchpad.png */ = {isa = PBXFileReference; lastKnownFileType = image.png; name = launchpad.png; path = PixelDriver/launchpad.png; sourceTree = "<group>"; };
		662DE56E1686AA9F00F300CE /* PHMIDIMessage.h */ = {isa = PBXFileReference; fileEncoding = 4; lastKnownFileType = sourcecode.c.h; path = PHMIDIMessage.h; sourceTree = "<group>"; };
		662DE56F1686AA9F00F300CE /* PHMIDIMessage.m */ = {isa = PBXFileReference; fileEncoding = 4; lastKnownFileType = sourcecode.c.objc; path = PHMIDIMessage.m; sourceTree = "<group>"; };
		662F5915167849E500ADE02C /* clouds.qtz */ = {isa = PBXFileReference; lastKnownFileType = "video.quartz-composer"; name = clouds.qtz; path = QuartzCompositions/clouds.qtz; sourceTree = SOURCE_ROOT; };
		662F591716784B2F00ADE02C /* Quartz.framework */ = {isa = PBXFileReference; lastKnownFileType = wrapper.framework; name = Quartz.framework; path = System/Library/Frameworks/Quartz.framework; sourceTree = SDKROOT; };
		662F591916784B3D00ADE02C /* OpenGL.framework */ = {isa = PBXFileReference; lastKnownFileType = wrapper.framework; name = OpenGL.framework; path = System/Library/Frameworks/OpenGL.framework; sourceTree = SDKROOT; };
		662F591C16784B8900ADE02C /* PHQuartzRenderer.h */ = {isa = PBXFileReference; fileEncoding = 4; lastKnownFileType = sourcecode.c.h; path = PHQuartzRenderer.h; sourceTree = "<group>"; };
		662F591D16784B8900ADE02C /* PHQuartzRenderer.m */ = {isa = PBXFileReference; fileEncoding = 4; lastKnownFileType = sourcecode.c.objc; path = PHQuartzRenderer.m; sourceTree = "<group>"; };
		662F591F167858FD00ADE02C /* mesh.qtz */ = {isa = PBXFileReference; lastKnownFileType = "video.quartz-composer"; name = mesh.qtz; path = QuartzCompositions/mesh.qtz; sourceTree = SOURCE_ROOT; };
		662F592116785B0300ADE02C /* particlerain.qtz */ = {isa = PBXFileReference; lastKnownFileType = "video.quartz-composer"; name = particlerain.qtz; path = QuartzCompositions/particlerain.qtz; sourceTree = SOURCE_ROOT; };
		662F592316785D3400ADE02C /* terremouvante4.qtz */ = {isa = PBXFileReference; lastKnownFileType = "video.quartz-composer"; name = terremouvante4.qtz; path = QuartzCompositions/terremouvante4.qtz; sourceTree = SOURCE_ROOT; };
		662F592516785D7200ADE02C /* balls.qtz */ = {isa = PBXFileReference; lastKnownFileType = "video.quartz-composer"; name = balls.qtz; path = QuartzCompositions/balls.qtz; sourceTree = SOURCE_ROOT; };
		662F592716785DF700ADE02C /* tree.qtz */ = {isa = PBXFileReference; lastKnownFileType = "video.quartz-composer"; name = tree.qtz; path = QuartzCompositions/tree.qtz; sourceTree = SOURCE_ROOT; };
		6637526C16843E15009A2F22 /* PHBasicSpectrumAnimation.h */ = {isa = PBXFileReference; fileEncoding = 4; lastKnownFileType = sourcecode.c.h; path = PHBasicSpectrumAnimation.h; sourceTree = "<group>"; };
		6637526D16843E15009A2F22 /* PHBasicSpectrumAnimation.m */ = {isa = PBXFileReference; fileEncoding = 4; lastKnownFileType = sourcecode.c.objc; path = PHBasicSpectrumAnimation.m; sourceTree = "<group>"; };
		6637526F16843E3C009A2F22 /* PHDegrader.h */ = {isa = PBXFileReference; fileEncoding = 4; lastKnownFileType = sourcecode.c.h; path = PHDegrader.h; sourceTree = "<group>"; };
		6637527016843E3C009A2F22 /* PHDegrader.m */ = {isa = PBXFileReference; fileEncoding = 4; lastKnownFileType = sourcecode.c.objc; path = PHDegrader.m; sourceTree = "<group>"; };
		66393E67168AC819002BD86F /* PHMote.h */ = {isa = PBXFileReference; fileEncoding = 4; lastKnownFileType = sourcecode.c.h; path = PHMote.h; sourceTree = "<group>"; };
		66393E68168AC819002BD86F /* PHMote.m */ = {isa = PBXFileReference; fileEncoding = 4; lastKnownFileType = sourcecode.c.objc; path = PHMote.m; sourceTree = "<group>"; };
		66393E6B168AD63E002BD86F /* PHMoteServer.h */ = {isa = PBXFileReference; fileEncoding = 4; lastKnownFileType = sourcecode.c.h; path = PHMoteServer.h; sourceTree = "<group>"; };
		66393E6C168AD63E002BD86F /* PHMoteServer.m */ = {isa = PBXFileReference; fileEncoding = 4; lastKnownFileType = sourcecode.c.objc; path = PHMoteServer.m; sourceTree = "<group>"; };
		66393E6E168ADB9A002BD86F /* PHSimpleMoteAnimation.h */ = {isa = PBXFileReference; fileEncoding = 4; lastKnownFileType = sourcecode.c.h; path = PHSimpleMoteAnimation.h; sourceTree = "<group>"; };
		66393E6F168ADB9A002BD86F /* PHSimpleMoteAnimation.m */ = {isa = PBXFileReference; fileEncoding = 4; lastKnownFileType = sourcecode.c.objc; path = PHSimpleMoteAnimation.m; sourceTree = "<group>"; };
		66393E71168AE392002BD86F /* PHMote+Private.h */ = {isa = PBXFileReference; fileEncoding = 4; lastKnownFileType = sourcecode.c.h; path = "PHMote+Private.h"; sourceTree = "<group>"; };
		66393E76168AE46B002BD86F /* PHMoteState+Private.h */ = {isa = PBXFileReference; fileEncoding = 4; lastKnownFileType = sourcecode.c.h; path = "PHMoteState+Private.h"; sourceTree = "<group>"; };
		66393E79168AEFC7002BD86F /* PHTooltipWindow.h */ = {isa = PBXFileReference; fileEncoding = 4; lastKnownFileType = sourcecode.c.h; path = PHTooltipWindow.h; sourceTree = "<group>"; };
		66393E7A168AEFC7002BD86F /* PHTooltipWindow.m */ = {isa = PBXFileReference; fileEncoding = 4; lastKnownFileType = sourcecode.c.objc; path = PHTooltipWindow.m; sourceTree = "<group>"; };
		66393E7C168AEFFC002BD86F /* PHTooltipView.h */ = {isa = PBXFileReference; fileEncoding = 4; lastKnownFileType = sourcecode.c.h; path = PHTooltipView.h; sourceTree = "<group>"; };
		66393E7D168AEFFD002BD86F /* PHTooltipView.m */ = {isa = PBXFileReference; fileEncoding = 4; lastKnownFileType = sourcecode.c.objc; path = PHTooltipView.m; sourceTree = "<group>"; };
		663C839F168EC254003B88A1 /* PHProcessingServer.h */ = {isa = PBXFileReference; fileEncoding = 4; lastKnownFileType = sourcecode.c.h; path = PHProcessingServer.h; sourceTree = "<group>"; };
		663C83A0168EC254003B88A1 /* PHProcessingServer.m */ = {isa = PBXFileReference; fileEncoding = 4; lastKnownFileType = sourcecode.c.objc; path = PHProcessingServer.m; sourceTree = "<group>"; };
		663C83A2168ECD84003B88A1 /* fonts */ = {isa = PBXFileReference; lastKnownFileType = folder; path = fonts; sourceTree = "<group>"; };
		663C83A4168EE50E003B88A1 /* PHProcessingAnimation.h */ = {isa = PBXFileReference; fileEncoding = 4; lastKnownFileType = sourcecode.c.h; path = PHProcessingAnimation.h; sourceTree = "<group>"; };
		663C83A5168EE50F003B88A1 /* PHProcessingAnimation.m */ = {isa = PBXFileReference; fileEncoding = 4; lastKnownFileType = sourcecode.c.objc; path = PHProcessingAnimation.m; sourceTree = "<group>"; };
		663C83A7168EE542003B88A1 /* PHProcessingSource.h */ = {isa = PBXFileReference; fileEncoding = 4; lastKnownFileType = sourcecode.c.h; path = PHProcessingSource.h; sourceTree = "<group>"; };
		663C83A8168EE542003B88A1 /* PHProcessingSource.m */ = {isa = PBXFileReference; fileEncoding = 4; lastKnownFileType = sourcecode.c.objc; path = PHProcessingSource.m; sourceTree = "<group>"; };
		663C83AA168F0520003B88A1 /* PHDJAnimation.h */ = {isa = PBXFileReference; fileEncoding = 4; lastKnownFileType = sourcecode.c.h; path = PHDJAnimation.h; sourceTree = "<group>"; };
		663C83AB168F0520003B88A1 /* PHDJAnimation.m */ = {isa = PBXFileReference; fileEncoding = 4; lastKnownFileType = sourcecode.c.objc; path = PHDJAnimation.m; sourceTree = "<group>"; };
		66593C0E16859451003449FE /* PHPikachuEmotingAnimation.h */ = {isa = PBXFileReference; fileEncoding = 4; lastKnownFileType = sourcecode.c.h; path = PHPikachuEmotingAnimation.h; sourceTree = "<group>"; };
		66593C0F16859451003449FE /* PHPikachuEmotingAnimation.m */ = {isa = PBXFileReference; fileEncoding = 4; lastKnownFileType = sourcecode.c.objc; path = PHPikachuEmotingAnimation.m; sourceTree = "<group>"; };
		66753A99168486220092EDF0 /* PHFireworksAnimation.h */ = {isa = PBXFileReference; fileEncoding = 4; lastKnownFileType = sourcecode.c.h; path = PHFireworksAnimation.h; sourceTree = "<group>"; };
		66753A9A168486220092EDF0 /* PHFireworksAnimation.m */ = {isa = PBXFileReference; fileEncoding = 4; lastKnownFileType = sourcecode.c.objc; path = PHFireworksAnimation.m; sourceTree = "<group>"; };
		66753A9D168499010092EDF0 /* PHFlyingFireballAnimation.h */ = {isa = PBXFileReference; fileEncoding = 4; lastKnownFileType = sourcecode.c.h; path = PHFlyingFireballAnimation.h; sourceTree = "<group>"; };
		66753A9E168499010092EDF0 /* PHFlyingFireballAnimation.m */ = {isa = PBXFileReference; fileEncoding = 4; lastKnownFileType = sourcecode.c.objc; path = PHFlyingFireballAnimation.m; sourceTree = "<group>"; };
		668520E9168290B90063A95A /* PHAnimation.m */ = {isa = PBXFileReference; fileEncoding = 4; lastKnownFileType = sourcecode.c.objc; path = PHAnimation.m; sourceTree = "<group>"; };
		668520EC168292200063A95A /* PHAnimationDriver.h */ = {isa = PBXFileReference; fileEncoding = 4; lastKnownFileType = sourcecode.c.h; path = PHAnimationDriver.h; sourceTree = "<group>"; };
		668520ED168292200063A95A /* PHAnimationDriver.m */ = {isa = PBXFileReference; fileEncoding = 4; lastKnownFileType = sourcecode.c.objc; path = PHAnimationDriver.m; sourceTree = "<group>"; };
		6693A306168BCF1B00DA2946 /* PHTunnelGameAnimation.h */ = {isa = PBXFileReference; fileEncoding = 4; lastKnownFileType = sourcecode.c.h; path = PHTunnelGameAnimation.h; sourceTree = "<group>"; };
		6693A307168BCF1B00DA2946 /* PHTunnelGameAnimation.m */ = {isa = PBXFileReference; fileEncoding = 4; lastKnownFileType = sourcecode.c.objc; path = PHTunnelGameAnimation.m; sourceTree = "<group>"; };
		6693A309168C0EC900DA2946 /* PHCountdownAnimation.h */ = {isa = PBXFileReference; fileEncoding = 4; lastKnownFileType = sourcecode.c.h; path = PHCountdownAnimation.h; sourceTree = "<group>"; };
		6693A30A168C0ECA00DA2946 /* PHCountdownAnimation.m */ = {isa = PBXFileReference; fileEncoding = 4; lastKnownFileType = sourcecode.c.objc; path = PHCountdownAnimation.m; sourceTree = "<group>"; };
		6693A30E168C264B00DA2946 /* PHRipplesAnimation.h */ = {isa = PBXFileReference; fileEncoding = 4; lastKnownFileType = sourcecode.c.h; path = PHRipplesAnimation.h; sourceTree = "<group>"; };
		6693A30F168C264C00DA2946 /* PHRipplesAnimation.m */ = {isa = PBXFileReference; fileEncoding = 4; lastKnownFileType = sourcecode.c.objc; path = PHRipplesAnimation.m; sourceTree = "<group>"; };
		6693A311168FE0D600DA2946 /* PHSophJoyAnimation.h */ = {isa = PBXFileReference; fileEncoding = 4; lastKnownFileType = sourcecode.c.h; path = PHSophJoyAnimation.h; sourceTree = "<group>"; };
		6693A312168FE0D700DA2946 /* PHSophJoyAnimation.m */ = {isa = PBXFileReference; fileEncoding = 4; lastKnownFileType = sourcecode.c.objc; path = PHSophJoyAnimation.m; sourceTree = "<group>"; };
		6693A314168FF0F500DA2946 /* PHCombAnimation.h */ = {isa = PBXFileReference; fileEncoding = 4; lastKnownFileType = sourcecode.c.h; path = PHCombAnimation.h; sourceTree = "<group>"; };
		6693A315168FF0F600DA2946 /* PHCombAnimation.m */ = {isa = PBXFileReference; fileEncoding = 4; lastKnownFileType = sourcecode.c.objc; path = PHCombAnimation.m; sourceTree = "<group>"; };
		66A26D52168847EC009F7B33 /* PHPixelHeartAnimation.h */ = {isa = PBXFileReference; fileEncoding = 4; lastKnownFileType = sourcecode.c.h; path = PHPixelHeartAnimation.h; sourceTree = "<group>"; };
		66A26D53168847EC009F7B33 /* PHPixelHeartAnimation.m */ = {isa = PBXFileReference; fileEncoding = 4; lastKnownFileType = sourcecode.c.objc; path = PHPixelHeartAnimation.m; sourceTree = "<group>"; };
		66A26D701689190A009F7B33 /* PHGameOfLifeAnimation.h */ = {isa = PBXFileReference; fileEncoding = 4; lastKnownFileType = sourcecode.c.h; path = PHGameOfLifeAnimation.h; sourceTree = "<group>"; };
		66A26D711689190A009F7B33 /* PHGameOfLifeAnimation.m */ = {isa = PBXFileReference; fileEncoding = 4; lastKnownFileType = sourcecode.c.objc; path = PHGameOfLifeAnimation.m; sourceTree = "<group>"; };
		66A26D7416892A2E009F7B33 /* PHWaveFormView.h */ = {isa = PBXFileReference; fileEncoding = 4; lastKnownFileType = sourcecode.c.h; path = PHWaveFormView.h; sourceTree = "<group>"; };
		66A26D7516892A2E009F7B33 /* PHWaveFormView.m */ = {isa = PBXFileReference; fileEncoding = 4; lastKnownFileType = sourcecode.c.objc; path = PHWaveFormView.m; sourceTree = "<group>"; };
		66A64E8A1691437100A701BA /* PHAdventureTimeAnimation.h */ = {isa = PBXFileReference; fileEncoding = 4; lastKnownFileType = sourcecode.c.h; path = PHAdventureTimeAnimation.h; sourceTree = "<group>"; };
		66A64E8B1691437100A701BA /* PHAdventureTimeAnimation.m */ = {isa = PBXFileReference; fileEncoding = 4; lastKnownFileType = sourcecode.c.objc; path = PHAdventureTimeAnimation.m; sourceTree = "<group>"; };
		66A64E8D1691441600A701BA /* PHPixelRainAnimation.h */ = {isa = PBXFileReference; fileEncoding = 4; lastKnownFileType = sourcecode.c.h; path = PHPixelRainAnimation.h; sourceTree = "<group>"; };
		66A64E8E1691441600A701BA /* PHPixelRainAnimation.m */ = {isa = PBXFileReference; fileEncoding = 4; lastKnownFileType = sourcecode.c.objc; path = PHPixelRainAnimation.m; sourceTree = "<group>"; };
		66A8E014167C074F00FBAFE8 /* fmod_codec.h */ = {isa = PBXFileReference; lastKnownFileType = sourcecode.c.h; name = fmod_codec.h; path = fmod/fmod_codec.h; sourceTree = "<group>"; };
		66A8E015167C074F00FBAFE8 /* fmod_dsp.h */ = {isa = PBXFileReference; lastKnownFileType = sourcecode.c.h; name = fmod_dsp.h; path = fmod/fmod_dsp.h; sourceTree = "<group>"; };
		66A8E016167C074F00FBAFE8 /* fmod_errors.h */ = {isa = PBXFileReference; lastKnownFileType = sourcecode.c.h; name = fmod_errors.h; path = fmod/fmod_errors.h; sourceTree = "<group>"; };
		66A8E017167C074F00FBAFE8 /* fmod_memoryinfo.h */ = {isa = PBXFileReference; lastKnownFileType = sourcecode.c.h; name = fmod_memoryinfo.h; path = fmod/fmod_memoryinfo.h; sourceTree = "<group>"; };
		66A8E018167C074F00FBAFE8 /* fmod_output.h */ = {isa = PBXFileReference; lastKnownFileType = sourcecode.c.h; name = fmod_output.h; path = fmod/fmod_output.h; sourceTree = "<group>"; };
		66A8E019167C074F00FBAFE8 /* fmod.h */ = {isa = PBXFileReference; lastKnownFileType = sourcecode.c.h; name = fmod.h; path = fmod/fmod.h; sourceTree = "<group>"; };
		66A8E01A167C074F00FBAFE8 /* fmod.hpp */ = {isa = PBXFileReference; lastKnownFileType = sourcecode.cpp.h; name = fmod.hpp; path = fmod/fmod.hpp; sourceTree = "<group>"; };
		66A8E01B167C074F00FBAFE8 /* fmodex.chm */ = {isa = PBXFileReference; lastKnownFileType = file; name = fmodex.chm; path = fmod/fmodex.chm; sourceTree = "<group>"; };
		66A8E01C167C074F00FBAFE8 /* libfmodex.dylib */ = {isa = PBXFileReference; lastKnownFileType = "compiled.mach-o.dylib"; name = libfmodex.dylib; path = fmod/libfmodex.dylib; sourceTree = "<group>"; };
		66A8E01F167C078700FBAFE8 /* PHFMODRecorder.h */ = {isa = PBXFileReference; fileEncoding = 4; lastKnownFileType = sourcecode.c.h; path = PHFMODRecorder.h; sourceTree = "<group>"; };
		66A8E020167C078700FBAFE8 /* PHFMODRecorder.mm */ = {isa = PBXFileReference; fileEncoding = 4; lastKnownFileType = sourcecode.cpp.objcpp; path = PHFMODRecorder.mm; sourceTree = "<group>"; };
		66A8E023167C0E3900FBAFE8 /* PHSpectrumAnalyzerView.h */ = {isa = PBXFileReference; fileEncoding = 4; lastKnownFileType = sourcecode.c.h; path = PHSpectrumAnalyzerView.h; sourceTree = "<group>"; };
		66A8E024167C0E3900FBAFE8 /* PHSpectrumAnalyzerView.m */ = {isa = PBXFileReference; fileEncoding = 4; lastKnownFileType = sourcecode.c.objc; path = PHSpectrumAnalyzerView.m; sourceTree = "<group>"; };
		66A8E026167C11C000FBAFE8 /* PHInfoPanel.h */ = {isa = PBXFileReference; fileEncoding = 4; lastKnownFileType = sourcecode.c.h; path = PHInfoPanel.h; sourceTree = "<group>"; };
		66A8E027167C11C100FBAFE8 /* PHInfoPanel.m */ = {isa = PBXFileReference; fileEncoding = 4; lastKnownFileType = sourcecode.c.objc; path = PHInfoPanel.m; sourceTree = "<group>"; };
		66A8E02A167C202B00FBAFE8 /* PHDisplayLink.h */ = {isa = PBXFileReference; fileEncoding = 4; lastKnownFileType = sourcecode.c.h; path = PHDisplayLink.h; sourceTree = "<group>"; };
		66A8E02B167C202B00FBAFE8 /* PHDisplayLink.m */ = {isa = PBXFileReference; fileEncoding = 4; lastKnownFileType = sourcecode.c.objc; path = PHDisplayLink.m; sourceTree = "<group>"; };
		66A8E02E167C259A00FBAFE8 /* PHBitmapPipeline.h */ = {isa = PBXFileReference; fileEncoding = 4; lastKnownFileType = sourcecode.c.h; path = PHBitmapPipeline.h; sourceTree = "<group>"; };
		66A8E02F167C259A00FBAFE8 /* PHBitmapPipeline.m */ = {isa = PBXFileReference; fileEncoding = 4; lastKnownFileType = sourcecode.c.objc; path = PHBitmapPipeline.m; sourceTree = "<group>"; };
		66A8E034167D731C00FBAFE8 /* PHBitmapView.h */ = {isa = PBXFileReference; fileEncoding = 4; lastKnownFileType = sourcecode.c.h; path = PHBitmapView.h; sourceTree = "<group>"; };
		66A8E035167D731C00FBAFE8 /* PHBitmapView.m */ = {isa = PBXFileReference; fileEncoding = 4; lastKnownFileType = sourcecode.c.objc; path = PHBitmapView.m; sourceTree = "<group>"; };
		66A8E038167D747400FBAFE8 /* PHLaunchpadMIDIDriver.h */ = {isa = PBXFileReference; fileEncoding = 4; lastKnownFileType = sourcecode.c.h; path = PHLaunchpadMIDIDriver.h; sourceTree = "<group>"; };
		66A8E039167D747400FBAFE8 /* PHLaunchpadMIDIDriver.m */ = {isa = PBXFileReference; fileEncoding = 4; lastKnownFileType = sourcecode.c.objc; path = PHLaunchpadMIDIDriver.m; sourceTree = "<group>"; };
		66A8E03B167D748400FBAFE8 /* CoreMIDI.framework */ = {isa = PBXFileReference; lastKnownFileType = wrapper.framework; name = CoreMIDI.framework; path = System/Library/Frameworks/CoreMIDI.framework; sourceTree = SDKROOT; };
		66BCF6FF1686CB4500D2DF06 /* PHSineWaveAnimation.h */ = {isa = PBXFileReference; fileEncoding = 4; lastKnownFileType = sourcecode.c.h; path = PHSineWaveAnimation.h; sourceTree = "<group>"; };
		66BCF7001686CB4500D2DF06 /* PHSineWaveAnimation.m */ = {isa = PBXFileReference; fileEncoding = 4; lastKnownFileType = sourcecode.c.objc; path = PHSineWaveAnimation.m; sourceTree = "<group>"; };
		66BCF7021686CEA600D2DF06 /* PHPsychadelicBackgroundAnimation.h */ = {isa = PBXFileReference; fileEncoding = 4; lastKnownFileType = sourcecode.c.h; path = PHPsychadelicBackgroundAnimation.h; sourceTree = "<group>"; };
		66BCF7031686CEA600D2DF06 /* PHPsychadelicBackgroundAnimation.m */ = {isa = PBXFileReference; fileEncoding = 4; lastKnownFileType = sourcecode.c.objc; path = PHPsychadelicBackgroundAnimation.m; sourceTree = "<group>"; };
		66BCF73116880B3500D2DF06 /* PHCompositeAnimation.h */ = {isa = PBXFileReference; fileEncoding = 4; lastKnownFileType = sourcecode.c.h; path = PHCompositeAnimation.h; sourceTree = "<group>"; };
		66BCF73216880B3500D2DF06 /* PHCompositeAnimation.m */ = {isa = PBXFileReference; fileEncoding = 4; lastKnownFileType = sourcecode.c.objc; path = PHCompositeAnimation.m; sourceTree = "<group>"; };
		66CD3AC71682C0AB00C798E7 /* PHBassPlate.h */ = {isa = PBXFileReference; fileEncoding = 4; lastKnownFileType = sourcecode.c.h; path = PHBassPlate.h; sourceTree = "<group>"; };
		66CD3AC81682C0AB00C798E7 /* PHBassPlate.m */ = {isa = PBXFileReference; fileEncoding = 4; lastKnownFileType = sourcecode.c.objc; path = PHBassPlate.m; sourceTree = "<group>"; };
		66DC7B4D1676FC2F00453E8F /* PixelDriver.app */ = {isa = PBXFileReference; explicitFileType = wrapper.application; includeInIndex = 0; path = PixelDriver.app; sourceTree = BUILT_PRODUCTS_DIR; };
		66DC7B511676FC2F00453E8F /* Cocoa.framework */ = {isa = PBXFileReference; lastKnownFileType = wrapper.framework; name = Cocoa.framework; path = System/Library/Frameworks/Cocoa.framework; sourceTree = SDKROOT; };
		66DC7B541676FC2F00453E8F /* AppKit.framework */ = {isa = PBXFileReference; lastKnownFileType = wrapper.framework; name = AppKit.framework; path = System/Library/Frameworks/AppKit.framework; sourceTree = SDKROOT; };
		66DC7B551676FC2F00453E8F /* CoreData.framework */ = {isa = PBXFileReference; lastKnownFileType = wrapper.framework; name = CoreData.framework; path = System/Library/Frameworks/CoreData.framework; sourceTree = SDKROOT; };
		66DC7B561676FC2F00453E8F /* Foundation.framework */ = {isa = PBXFileReference; lastKnownFileType = wrapper.framework; name = Foundation.framework; path = System/Library/Frameworks/Foundation.framework; sourceTree = SDKROOT; };
		66DC7B591676FC2F00453E8F /* PixelDriver-Info.plist */ = {isa = PBXFileReference; lastKnownFileType = text.plist.xml; name = "PixelDriver-Info.plist"; path = "PixelDriver/PixelDriver-Info.plist"; sourceTree = "<group>"; };
		66DC7B5B1676FC2F00453E8F /* en */ = {isa = PBXFileReference; lastKnownFileType = text.plist.strings; name = en; path = en.lproj/InfoPlist.strings; sourceTree = "<group>"; };
		66DC7B5D1676FC2F00453E8F /* main.m */ = {isa = PBXFileReference; lastKnownFileType = sourcecode.c.objc; path = main.m; sourceTree = "<group>"; };
		66DC7B5F1676FC2F00453E8F /* PixelDriver-Prefix.pch */ = {isa = PBXFileReference; lastKnownFileType = sourcecode.c.h; name = "PixelDriver-Prefix.pch"; path = "PixelDriver/PixelDriver-Prefix.pch"; sourceTree = "<group>"; };
		66DC7B611676FC2F00453E8F /* en */ = {isa = PBXFileReference; lastKnownFileType = text.rtf; name = en; path = en.lproj/Credits.rtf; sourceTree = "<group>"; };
		66DC7B631676FC2F00453E8F /* AppDelegate.h */ = {isa = PBXFileReference; lastKnownFileType = sourcecode.c.h; path = AppDelegate.h; sourceTree = "<group>"; };
		66DC7B641676FC2F00453E8F /* AppDelegate.m */ = {isa = PBXFileReference; lastKnownFileType = sourcecode.c.objc; path = AppDelegate.m; sourceTree = "<group>"; };
		66DC7B671676FC3000453E8F /* en */ = {isa = PBXFileReference; lastKnownFileType = file.xib; name = en; path = en.lproj/MainMenu.xib; sourceTree = "<group>"; };
		66DC7B711676FF6500453E8F /* README.md */ = {isa = PBXFileReference; fileEncoding = 4; lastKnownFileType = text; path = README.md; sourceTree = "<group>"; };
		66DC7B731676FFE400453E8F /* p9813.c */ = {isa = PBXFileReference; fileEncoding = 4; lastKnownFileType = sourcecode.c.c; name = p9813.c; path = p9813/p9813.c; sourceTree = SOURCE_ROOT; };
		66DC7B741676FFE400453E8F /* p9813.h */ = {isa = PBXFileReference; fileEncoding = 4; lastKnownFileType = sourcecode.c.h; name = p9813.h; path = p9813/p9813.h; sourceTree = SOURCE_ROOT; };
		66DC7B77167724C300453E8F /* target.xcconfig */ = {isa = PBXFileReference; fileEncoding = 4; lastKnownFileType = text.xcconfig; path = target.xcconfig; sourceTree = "<group>"; };
		66DC7B7A167725E900453E8F /* PHWallView.h */ = {isa = PBXFileReference; fileEncoding = 4; lastKnownFileType = sourcecode.c.h; path = PHWallView.h; sourceTree = "<group>"; };
		66DC7B7B167725E900453E8F /* PHWallView.m */ = {isa = PBXFileReference; fileEncoding = 4; lastKnownFileType = sourcecode.c.objc; path = PHWallView.m; sourceTree = "<group>"; };
		66DC7B7D1677299300453E8F /* PHDriver.h */ = {isa = PBXFileReference; fileEncoding = 4; lastKnownFileType = sourcecode.c.h; path = PHDriver.h; sourceTree = "<group>"; };
		66DC7B7E1677299300453E8F /* PHDriver.m */ = {isa = PBXFileReference; fileEncoding = 4; lastKnownFileType = sourcecode.c.objc; path = PHDriver.m; sourceTree = "<group>"; };
		66DC7B8216773BE200453E8F /* IOKit.framework */ = {isa = PBXFileReference; lastKnownFileType = wrapper.framework; name = IOKit.framework; path = System/Library/Frameworks/IOKit.framework; sourceTree = SDKROOT; };
		66DC7B8416773EE000453E8F /* PHUSBNotifier.h */ = {isa = PBXFileReference; fileEncoding = 4; lastKnownFileType = sourcecode.c.h; path = PHUSBNotifier.h; sourceTree = "<group>"; };
		66DC7B8516773EE000453E8F /* PHUSBNotifier.m */ = {isa = PBXFileReference; fileEncoding = 4; lastKnownFileType = sourcecode.c.objc; path = PHUSBNotifier.m; sourceTree = "<group>"; };
		66DC7B8716773FC200453E8F /* Utilities.h */ = {isa = PBXFileReference; fileEncoding = 4; lastKnownFileType = sourcecode.c.h; path = Utilities.h; sourceTree = "<group>"; };
		66DC7B8816773FC200453E8F /* Utilities.m */ = {isa = PBXFileReference; fileEncoding = 4; lastKnownFileType = sourcecode.c.objc; path = Utilities.m; sourceTree = "<group>"; };
		66DF3F9216854C15008E8105 /* PHResetAnimation.h */ = {isa = PBXFileReference; fileEncoding = 4; lastKnownFileType = sourcecode.c.h; path = PHResetAnimation.h; sourceTree = "<group>"; };
		66DF3F9316854C15008E8105 /* PHResetAnimation.m */ = {isa = PBXFileReference; fileEncoding = 4; lastKnownFileType = sourcecode.c.objc; path = PHResetAnimation.m; sourceTree = "<group>"; };
		66F6640716854FA3001E77BC /* spritesheets */ = {isa = PBXFileReference; lastKnownFileType = folder; path = spritesheets; sourceTree = "<group>"; };
		66F6640A16854FF8001E77BC /* PHMegamanAnimation.h */ = {isa = PBXFileReference; fileEncoding = 4; lastKnownFileType = sourcecode.c.h; path = PHMegamanAnimation.h; sourceTree = "<group>"; };
		66F6640B16854FF8001E77BC /* PHMegamanAnimation.m */ = {isa = PBXFileReference; fileEncoding = 4; lastKnownFileType = sourcecode.c.objc; path = PHMegamanAnimation.m; sourceTree = "<group>"; };
		66F6640E1685504F001E77BC /* PHSpritesheet.h */ = {isa = PBXFileReference; fileEncoding = 4; lastKnownFileType = sourcecode.c.h; path = PHSpritesheet.h; sourceTree = "<group>"; };
		66F6640F1685504F001E77BC /* PHSpritesheet.m */ = {isa = PBXFileReference; fileEncoding = 4; lastKnownFileType = sourcecode.c.objc; path = PHSpritesheet.m; sourceTree = "<group>"; };
		66FC91E216785FA100C02C59 /* slime.qtz */ = {isa = PBXFileReference; lastKnownFileType = "video.quartz-composer"; name = slime.qtz; path = QuartzCompositions/slime.qtz; sourceTree = SOURCE_ROOT; };
		66FC91E6167863CB00C02C59 /* fire.qtz */ = {isa = PBXFileReference; lastKnownFileType = "video.quartz-composer"; name = fire.qtz; path = QuartzCompositions/fire.qtz; sourceTree = SOURCE_ROOT; };
		66FC91E8167864B200C02C59 /* mouse.qtz */ = {isa = PBXFileReference; lastKnownFileType = "video.quartz-composer"; name = mouse.qtz; path = QuartzCompositions/mouse.qtz; sourceTree = SOURCE_ROOT; };
		66FC91EA167864EA00C02C59 /* cube.qtz */ = {isa = PBXFileReference; lastKnownFileType = "video.quartz-composer"; name = cube.qtz; path = QuartzCompositions/cube.qtz; sourceTree = SOURCE_ROOT; };
		66FC91EC167865A400C02C59 /* meteor.qtz */ = {isa = PBXFileReference; lastKnownFileType = "video.quartz-composer"; name = meteor.qtz; path = QuartzCompositions/meteor.qtz; sourceTree = SOURCE_ROOT; };
		66FC91EE167865E900C02C59 /* clock.qtz */ = {isa = PBXFileReference; lastKnownFileType = "video.quartz-composer"; name = clock.qtz; path = QuartzCompositions/clock.qtz; sourceTree = SOURCE_ROOT; };
/* End PBXFileReference section */

/* Begin PBXFrameworksBuildPhase section */
		66DC7B4A1676FC2F00453E8F /* Frameworks */ = {
			isa = PBXFrameworksBuildPhase;
			buildActionMask = 2147483647;
			files = (
				66A8E03C167D748400FBAFE8 /* CoreMIDI.framework in Frameworks */,
				662F591A16784B3D00ADE02C /* OpenGL.framework in Frameworks */,
				662F591816784B2F00ADE02C /* Quartz.framework in Frameworks */,
				66DC7B8316773BE200453E8F /* IOKit.framework in Frameworks */,
				66DC7B521676FC2F00453E8F /* Cocoa.framework in Frameworks */,
				66A8E01D167C075800FBAFE8 /* libfmodex.dylib in Frameworks */,
			);
			runOnlyForDeploymentPostprocessing = 0;
		};
/* End PBXFrameworksBuildPhase section */

/* Begin PBXGroup section */
		662CA845167FFF7800FC800F /* Animations */ = {
			isa = PBXGroup;
			children = (
				66F6640D16855005001E77BC /* Tools */,
				662CA84A167FFFE400FC800F /* PHAnimation.h */,
				668520E9168290B90063A95A /* PHAnimation.m */,
				66DF3F9216854C15008E8105 /* PHResetAnimation.h */,
				66DF3F9316854C15008E8105 /* PHResetAnimation.m */,
				660D25981689B20000727312 /* PHRotationAnimation.h */,
				660D25991689B20000727312 /* PHRotationAnimation.m */,
				6637526C16843E15009A2F22 /* PHBasicSpectrumAnimation.h */,
				6637526D16843E15009A2F22 /* PHBasicSpectrumAnimation.m */,
				662CA847167FFFC800FC800F /* PHSpectrumViewerAnimation.h */,
				662CA848167FFFC800FC800F /* PHSpectrumViewerAnimation.m */,
				66CD3AC71682C0AB00C798E7 /* PHBassPlate.h */,
				66CD3AC81682C0AB00C798E7 /* PHBassPlate.m */,
				66753A99168486220092EDF0 /* PHFireworksAnimation.h */,
				66753A9A168486220092EDF0 /* PHFireworksAnimation.m */,
				66753A9D168499010092EDF0 /* PHFlyingFireballAnimation.h */,
				66753A9E168499010092EDF0 /* PHFlyingFireballAnimation.m */,
				66F6640A16854FF8001E77BC /* PHMegamanAnimation.h */,
				66F6640B16854FF8001E77BC /* PHMegamanAnimation.m */,
				66593C0E16859451003449FE /* PHPikachuEmotingAnimation.h */,
				66593C0F16859451003449FE /* PHPikachuEmotingAnimation.m */,
				66BCF6FF1686CB4500D2DF06 /* PHSineWaveAnimation.h */,
				66BCF7001686CB4500D2DF06 /* PHSineWaveAnimation.m */,
				66BCF7021686CEA600D2DF06 /* PHPsychadelicBackgroundAnimation.h */,
				66BCF7031686CEA600D2DF06 /* PHPsychadelicBackgroundAnimation.m */,
				1E791A6F1688122E008106F3 /* PHLevelsHorizAnimation.h */,
				1E791A711688123B008106F3 /* PHLevelsHorizAnimation.m */,
				3A9AF24C1688369300C960E3 /* PHFlyingRectAnimation.h */,
				3A9AF24D1688369300C960E3 /* PHFlyingRectAnimation.m */,
				1E791A75168820BF008106F3 /* PHNyanCatAnimation.h */,
				1E791A73168820AA008106F3 /* PHNyanCatAnimation.m */,
				66A26D52168847EC009F7B33 /* PHPixelHeartAnimation.h */,
				66A26D53168847EC009F7B33 /* PHPixelHeartAnimation.m */,
				66A26D701689190A009F7B33 /* PHGameOfLifeAnimation.h */,
				66A26D711689190A009F7B33 /* PHGameOfLifeAnimation.m */,
				66393E6E168ADB9A002BD86F /* PHSimpleMoteAnimation.h */,
				66393E6F168ADB9A002BD86F /* PHSimpleMoteAnimation.m */,
				6693A306168BCF1B00DA2946 /* PHTunnelGameAnimation.h */,
				6693A307168BCF1B00DA2946 /* PHTunnelGameAnimation.m */,
				6693A309168C0EC900DA2946 /* PHCountdownAnimation.h */,
				6693A30A168C0ECA00DA2946 /* PHCountdownAnimation.m */,
				6693A30E168C264B00DA2946 /* PHRipplesAnimation.h */,
				6693A30F168C264C00DA2946 /* PHRipplesAnimation.m */,
				663C83AA168F0520003B88A1 /* PHDJAnimation.h */,
				663C83AB168F0520003B88A1 /* PHDJAnimation.m */,
				6693A311168FE0D600DA2946 /* PHSophJoyAnimation.h */,
				6693A312168FE0D700DA2946 /* PHSophJoyAnimation.m */,
				6693A314168FF0F500DA2946 /* PHCombAnimation.h */,
				6693A315168FF0F600DA2946 /* PHCombAnimation.m */,
				66A64E8A1691437100A701BA /* PHAdventureTimeAnimation.h */,
				66A64E8B1691437100A701BA /* PHAdventureTimeAnimation.m */,
				66A64E8D1691441600A701BA /* PHPixelRainAnimation.h */,
				66A64E8E1691441600A701BA /* PHPixelRainAnimation.m */,
			);
			name = Animations;
			sourceTree = "<group>";
		};
		662F5914167849DA00ADE02C /* Quartz Compositions */ = {
			isa = PBXGroup;
			children = (
				662F592516785D7200ADE02C /* balls.qtz */,
				66FC91E6167863CB00C02C59 /* fire.qtz */,
				66FC91EA167864EA00C02C59 /* cube.qtz */,
				66FC91EE167865E900C02C59 /* clock.qtz */,
				662F591F167858FD00ADE02C /* mesh.qtz */,
				662F5915167849E500ADE02C /* clouds.qtz */,
				66FC91EC167865A400C02C59 /* meteor.qtz */,
				66FC91E8167864B200C02C59 /* mouse.qtz */,
				662F592116785B0300ADE02C /* particlerain.qtz */,
				66FC91E216785FA100C02C59 /* slime.qtz */,
				662F592316785D3400ADE02C /* terremouvante4.qtz */,
				662F592716785DF700ADE02C /* tree.qtz */,
			);
			name = "Quartz Compositions";
			path = PixelDriver;
			sourceTree = "<group>";
		};
		662F591B16784B7A00ADE02C /* Quartz Renderer */ = {
			isa = PBXGroup;
			children = (
				662F591C16784B8900ADE02C /* PHQuartzRenderer.h */,
				662F591D16784B8900ADE02C /* PHQuartzRenderer.m */,
			);
			name = "Quartz Renderer";
			sourceTree = "<group>";
		};
		66393E78168AE4E3002BD86F /* Pixel Mote */ = {
			isa = PBXGroup;
			children = (
				66393E6B168AD63E002BD86F /* PHMoteServer.h */,
				66393E6C168AD63E002BD86F /* PHMoteServer.m */,
				66393E71168AE392002BD86F /* PHMote+Private.h */,
				66393E76168AE46B002BD86F /* PHMoteState+Private.h */,
			);
			name = "Pixel Mote";
			sourceTree = "<group>";
		};
		663C839E168EC242003B88A1 /* Processing */ = {
			isa = PBXGroup;
			children = (
				663C839F168EC254003B88A1 /* PHProcessingServer.h */,
				663C83A0168EC254003B88A1 /* PHProcessingServer.m */,
				663C83A7168EE542003B88A1 /* PHProcessingSource.h */,
				663C83A8168EE542003B88A1 /* PHProcessingSource.m */,
			);
			name = Processing;
			sourceTree = "<group>";
		};
		66A8E013167C074100FBAFE8 /* FMOD */ = {
			isa = PBXGroup;
			children = (
				66A8E014167C074F00FBAFE8 /* fmod_codec.h */,
				66A8E015167C074F00FBAFE8 /* fmod_dsp.h */,
				66A8E016167C074F00FBAFE8 /* fmod_errors.h */,
				66A8E017167C074F00FBAFE8 /* fmod_memoryinfo.h */,
				66A8E018167C074F00FBAFE8 /* fmod_output.h */,
				66A8E019167C074F00FBAFE8 /* fmod.h */,
				66A8E01A167C074F00FBAFE8 /* fmod.hpp */,
				66A8E01B167C074F00FBAFE8 /* fmodex.chm */,
				66A8E01C167C074F00FBAFE8 /* libfmodex.dylib */,
			);
			name = FMOD;
			sourceTree = "<group>";
		};
		66A8E01E167C076A00FBAFE8 /* FMOD Recorder */ = {
			isa = PBXGroup;
			children = (
				66A8E01F167C078700FBAFE8 /* PHFMODRecorder.h */,
				66A8E020167C078700FBAFE8 /* PHFMODRecorder.mm */,
			);
			name = "FMOD Recorder";
			sourceTree = "<group>";
		};
		66A8E029167C1FFC00FBAFE8 /* Display Link */ = {
			isa = PBXGroup;
			children = (
				66A8E02A167C202B00FBAFE8 /* PHDisplayLink.h */,
				66A8E02B167C202B00FBAFE8 /* PHDisplayLink.m */,
			);
			name = "Display Link";
			sourceTree = "<group>";
		};
		66A8E02D167C258700FBAFE8 /* Bitmap Rendering Pipeline */ = {
			isa = PBXGroup;
			children = (
				66A8E02E167C259A00FBAFE8 /* PHBitmapPipeline.h */,
				66A8E02F167C259A00FBAFE8 /* PHBitmapPipeline.m */,
				66A8E034167D731C00FBAFE8 /* PHBitmapView.h */,
				66A8E035167D731C00FBAFE8 /* PHBitmapView.m */,
			);
			name = "Bitmap Rendering Pipeline";
			sourceTree = "<group>";
		};
		66A8E037167D745F00FBAFE8 /* Launchpad */ = {
			isa = PBXGroup;
			children = (
				66A8E038167D747400FBAFE8 /* PHLaunchpadMIDIDriver.h */,
				66A8E039167D747400FBAFE8 /* PHLaunchpadMIDIDriver.m */,
				662DE56E1686AA9F00F300CE /* PHMIDIMessage.h */,
				662DE56F1686AA9F00F300CE /* PHMIDIMessage.m */,
			);
			name = Launchpad;
			sourceTree = "<group>";
		};
		66DC7B421676FC2F00453E8F = {
			isa = PBXGroup;
			children = (
				66DC7B711676FF6500453E8F /* README.md */,
				66DC7B77167724C300453E8F /* target.xcconfig */,
				66DC7B5F1676FC2F00453E8F /* PixelDriver-Prefix.pch */,
				66DC7B571676FC2F00453E8F /* src */,
				66DC7B791677255D00453E8F /* Resources */,
				66A8E013167C074100FBAFE8 /* FMOD */,
				66DC7B761676FFE600453E8F /* p9813 - USB<->FTDI Driver */,
				66DC7B501676FC2F00453E8F /* Frameworks */,
				66DC7B4E1676FC2F00453E8F /* Products */,
			);
			sourceTree = "<group>";
		};
		66DC7B4E1676FC2F00453E8F /* Products */ = {
			isa = PBXGroup;
			children = (
				66DC7B4D1676FC2F00453E8F /* PixelDriver.app */,
			);
			name = Products;
			sourceTree = "<group>";
		};
		66DC7B501676FC2F00453E8F /* Frameworks */ = {
			isa = PBXGroup;
			children = (
				66A8E03B167D748400FBAFE8 /* CoreMIDI.framework */,
				662F591916784B3D00ADE02C /* OpenGL.framework */,
				662F591716784B2F00ADE02C /* Quartz.framework */,
				66DC7B8216773BE200453E8F /* IOKit.framework */,
				66DC7B511676FC2F00453E8F /* Cocoa.framework */,
				66DC7B531676FC2F00453E8F /* Other Frameworks */,
			);
			name = Frameworks;
			sourceTree = "<group>";
		};
		66DC7B531676FC2F00453E8F /* Other Frameworks */ = {
			isa = PBXGroup;
			children = (
				66DC7B541676FC2F00453E8F /* AppKit.framework */,
				66DC7B551676FC2F00453E8F /* CoreData.framework */,
				66DC7B561676FC2F00453E8F /* Foundation.framework */,
			);
			name = "Other Frameworks";
			sourceTree = "<group>";
		};
		66DC7B571676FC2F00453E8F /* src */ = {
			isa = PBXGroup;
			children = (
				662CA845167FFF7800FC800F /* Animations */,
				66A8E037167D745F00FBAFE8 /* Launchpad */,
				66A8E029167C1FFC00FBAFE8 /* Display Link */,
				662F591B16784B7A00ADE02C /* Quartz Renderer */,
				66A8E01E167C076A00FBAFE8 /* FMOD Recorder */,
				66DC7B81167738F100453E8F /* FTDI Driver */,
				66393E78168AE4E3002BD86F /* Pixel Mote */,
				663C839E168EC242003B88A1 /* Processing */,
				66DC7B80167738EB00453E8F /* Views */,
				66DC7B631676FC2F00453E8F /* AppDelegate.h */,
				66DC7B641676FC2F00453E8F /* AppDelegate.m */,
				66BCF73116880B3500D2DF06 /* PHCompositeAnimation.h */,
				66BCF73216880B3500D2DF06 /* PHCompositeAnimation.m */,
				663C83A4168EE50E003B88A1 /* PHProcessingAnimation.h */,
				663C83A5168EE50F003B88A1 /* PHProcessingAnimation.m */,
				66DC7B8716773FC200453E8F /* Utilities.h */,
				66DC7B8816773FC200453E8F /* Utilities.m */,
				66DC7B5D1676FC2F00453E8F /* main.m */,
			);
			name = src;
			path = PixelDriver;
			sourceTree = "<group>";
		};
		66DC7B761676FFE600453E8F /* p9813 - USB<->FTDI Driver */ = {
			isa = PBXGroup;
			children = (
				66DC7B741676FFE400453E8F /* p9813.h */,
				66DC7B731676FFE400453E8F /* p9813.c */,
			);
			name = "p9813 - USB<->FTDI Driver";
			sourceTree = "<group>";
		};
		66DC7B791677255D00453E8F /* Resources */ = {
			isa = PBXGroup;
			children = (
				66F6640716854FA3001E77BC /* spritesheets */,
				663C83A2168ECD84003B88A1 /* fonts */,
				66DC7B661676FC3000453E8F /* MainMenu.xib */,
				662DE54F1686875D00F300CE /* ableton_logo_screen.png */,
				662DE55416868AF400F300CE /* novation.png */,
				662DE55616868BB100F300CE /* launchpad.png */,
				66DC7B591676FC2F00453E8F /* PixelDriver-Info.plist */,
				66DC7B5A1676FC2F00453E8F /* InfoPlist.strings */,
				66DC7B601676FC2F00453E8F /* Credits.rtf */,
				662F5914167849DA00ADE02C /* Quartz Compositions */,
			);
			name = Resources;
			sourceTree = "<group>";
		};
		66DC7B80167738EB00453E8F /* Views */ = {
			isa = PBXGroup;
			children = (
				66A8E02D167C258700FBAFE8 /* Bitmap Rendering Pipeline */,
				66DC7B7A167725E900453E8F /* PHWallView.h */,
				66DC7B7B167725E900453E8F /* PHWallView.m */,
				66A8E026167C11C000FBAFE8 /* PHInfoPanel.h */,
				66A8E027167C11C100FBAFE8 /* PHInfoPanel.m */,
				66A8E023167C0E3900FBAFE8 /* PHSpectrumAnalyzerView.h */,
				66A8E024167C0E3900FBAFE8 /* PHSpectrumAnalyzerView.m */,
				66A26D7416892A2E009F7B33 /* PHWaveFormView.h */,
				66A26D7516892A2E009F7B33 /* PHWaveFormView.m */,
				66393E79168AEFC7002BD86F /* PHTooltipWindow.h */,
				66393E7A168AEFC7002BD86F /* PHTooltipWindow.m */,
				66393E7C168AEFFC002BD86F /* PHTooltipView.h */,
				66393E7D168AEFFD002BD86F /* PHTooltipView.m */,
				662DE5511686894B00F300CE /* PHLaunchpadWindow.h */,
				662DE5521686894B00F300CE /* PHLaunchpadWindow.m */,
				662DE54B1686854B00F300CE /* PHLaunchpadView.h */,
				662DE54C1686854B00F300CE /* PHLaunchpadView.m */,
			);
			name = Views;
			sourceTree = "<group>";
		};
		66DC7B81167738F100453E8F /* FTDI Driver */ = {
			isa = PBXGroup;
			children = (
				66DC7B7D1677299300453E8F /* PHDriver.h */,
				66DC7B7E1677299300453E8F /* PHDriver.m */,
				66DC7B8416773EE000453E8F /* PHUSBNotifier.h */,
				66DC7B8516773EE000453E8F /* PHUSBNotifier.m */,
			);
			name = "FTDI Driver";
			sourceTree = "<group>";
		};
		66F6640D16855005001E77BC /* Tools */ = {
			isa = PBXGroup;
			children = (
				668520EC168292200063A95A /* PHAnimationDriver.h */,
				668520ED168292200063A95A /* PHAnimationDriver.m */,
				6637526F16843E3C009A2F22 /* PHDegrader.h */,
				6637527016843E3C009A2F22 /* PHDegrader.m */,
				66393E67168AC819002BD86F /* PHMote.h */,
				66393E68168AC819002BD86F /* PHMote.m */,
				66F6640E1685504F001E77BC /* PHSpritesheet.h */,
				66F6640F1685504F001E77BC /* PHSpritesheet.m */,
			);
			name = Tools;
			sourceTree = "<group>";
		};
/* End PBXGroup section */

/* Begin PBXNativeTarget section */
		66DC7B4C1676FC2F00453E8F /* PixelDriver */ = {
			isa = PBXNativeTarget;
			buildConfigurationList = 66DC7B6B1676FC3000453E8F /* Build configuration list for PBXNativeTarget "PixelDriver" */;
			buildPhases = (
				66DC7B491676FC2F00453E8F /* Sources */,
				66DC7B4A1676FC2F00453E8F /* Frameworks */,
				66DC7B4B1676FC2F00453E8F /* Resources */,
				66A8E022167C0B8700FBAFE8 /* ShellScript */,
			);
			buildRules = (
			);
			dependencies = (
			);
			name = PixelDriver;
			productName = PixelDriver;
			productReference = 66DC7B4D1676FC2F00453E8F /* PixelDriver.app */;
			productType = "com.apple.product-type.application";
		};
/* End PBXNativeTarget section */

/* Begin PBXProject section */
		66DC7B441676FC2F00453E8F /* Project object */ = {
			isa = PBXProject;
			attributes = {
				LastUpgradeCheck = 0450;
				ORGANIZATIONNAME = "Pixel Heart";
			};
			buildConfigurationList = 66DC7B471676FC2F00453E8F /* Build configuration list for PBXProject "PixelDriver" */;
			compatibilityVersion = "Xcode 3.2";
			developmentRegion = English;
			hasScannedForEncodings = 0;
			knownRegions = (
				en,
			);
			mainGroup = 66DC7B421676FC2F00453E8F;
			productRefGroup = 66DC7B4E1676FC2F00453E8F /* Products */;
			projectDirPath = "";
			projectRoot = "";
			targets = (
				66DC7B4C1676FC2F00453E8F /* PixelDriver */,
			);
		};
/* End PBXProject section */

/* Begin PBXResourcesBuildPhase section */
		66DC7B4B1676FC2F00453E8F /* Resources */ = {
			isa = PBXResourcesBuildPhase;
			buildActionMask = 2147483647;
			files = (
				66DC7B5C1676FC2F00453E8F /* InfoPlist.strings in Resources */,
				66DC7B621676FC2F00453E8F /* Credits.rtf in Resources */,
				66DC7B681676FC3000453E8F /* MainMenu.xib in Resources */,
				662F5916167849E500ADE02C /* clouds.qtz in Resources */,
				662F5920167858FD00ADE02C /* mesh.qtz in Resources */,
				662F592216785B0300ADE02C /* particlerain.qtz in Resources */,
				662F592416785D3400ADE02C /* terremouvante4.qtz in Resources */,
				662F592616785D7200ADE02C /* balls.qtz in Resources */,
				662F592816785DF700ADE02C /* tree.qtz in Resources */,
				66FC91E316785FA100C02C59 /* slime.qtz in Resources */,
				66FC91E7167863CB00C02C59 /* fire.qtz in Resources */,
				66FC91E9167864B200C02C59 /* mouse.qtz in Resources */,
				66FC91EB167864EA00C02C59 /* cube.qtz in Resources */,
				66FC91ED167865A400C02C59 /* meteor.qtz in Resources */,
				66FC91EF167865E900C02C59 /* clock.qtz in Resources */,
				66F6640816854FA3001E77BC /* spritesheets in Resources */,
				662DE5501686875D00F300CE /* ableton_logo_screen.png in Resources */,
				662DE55516868AF400F300CE /* novation.png in Resources */,
				662DE55716868BB100F300CE /* launchpad.png in Resources */,
				663C83A3168ECD84003B88A1 /* fonts in Resources */,
			);
			runOnlyForDeploymentPostprocessing = 0;
		};
/* End PBXResourcesBuildPhase section */

/* Begin PBXShellScriptBuildPhase section */
		66A8E022167C0B8700FBAFE8 /* ShellScript */ = {
			isa = PBXShellScriptBuildPhase;
			buildActionMask = 2147483647;
			files = (
			);
			inputPaths = (
			);
			outputPaths = (
			);
			runOnlyForDeploymentPostprocessing = 0;
			shellPath = /bin/sh;
			shellScript = "cp fmod/libfmodex.dylib \"$TARGET_BUILD_DIR\"\n";
		};
/* End PBXShellScriptBuildPhase section */

/* Begin PBXSourcesBuildPhase section */
		66DC7B491676FC2F00453E8F /* Sources */ = {
			isa = PBXSourcesBuildPhase;
			buildActionMask = 2147483647;
			files = (
				66DC7B5E1676FC2F00453E8F /* main.m in Sources */,
				66DC7B651676FC2F00453E8F /* AppDelegate.m in Sources */,
				66DC7B751676FFE400453E8F /* p9813.c in Sources */,
				66DC7B7C167725E900453E8F /* PHWallView.m in Sources */,
				66DC7B7F1677299300453E8F /* PHDriver.m in Sources */,
				66DC7B8616773EE000453E8F /* PHUSBNotifier.m in Sources */,
				66DC7B8916773FC200453E8F /* Utilities.m in Sources */,
				662F591E16784B8900ADE02C /* PHQuartzRenderer.m in Sources */,
				66A8E021167C078700FBAFE8 /* PHFMODRecorder.mm in Sources */,
				66A8E025167C0E3900FBAFE8 /* PHSpectrumAnalyzerView.m in Sources */,
				66A8E028167C11C100FBAFE8 /* PHInfoPanel.m in Sources */,
				66A8E02C167C202B00FBAFE8 /* PHDisplayLink.m in Sources */,
				66A8E030167C259A00FBAFE8 /* PHBitmapPipeline.m in Sources */,
				66A8E036167D731C00FBAFE8 /* PHBitmapView.m in Sources */,
				66A8E03A167D747400FBAFE8 /* PHLaunchpadMIDIDriver.m in Sources */,
				662CA849167FFFC800FC800F /* PHSpectrumViewerAnimation.m in Sources */,
				668520EA168290B90063A95A /* PHAnimation.m in Sources */,
				668520EE168292200063A95A /* PHAnimationDriver.m in Sources */,
				66CD3AC91682C0AB00C798E7 /* PHBassPlate.m in Sources */,
				6637526E16843E16009A2F22 /* PHBasicSpectrumAnimation.m in Sources */,
				6637527116843E3C009A2F22 /* PHDegrader.m in Sources */,
				66753A9B168486220092EDF0 /* PHFireworksAnimation.m in Sources */,
				66753A9F168499010092EDF0 /* PHFlyingFireballAnimation.m in Sources */,
				66DF3F9416854C15008E8105 /* PHResetAnimation.m in Sources */,
				66F6640C16854FF8001E77BC /* PHMegamanAnimation.m in Sources */,
				66F664101685504F001E77BC /* PHSpritesheet.m in Sources */,
				66593C1016859451003449FE /* PHPikachuEmotingAnimation.m in Sources */,
				662DE54D1686854B00F300CE /* PHLaunchpadView.m in Sources */,
				662DE5531686894B00F300CE /* PHLaunchpadWindow.m in Sources */,
				662DE5701686AA9F00F300CE /* PHMIDIMessage.m in Sources */,
				66BCF7011686CB4500D2DF06 /* PHSineWaveAnimation.m in Sources */,
				66BCF7041686CEA600D2DF06 /* PHPsychadelicBackgroundAnimation.m in Sources */,
				66BCF73316880B3500D2DF06 /* PHCompositeAnimation.m in Sources */,
				1E791A721688123C008106F3 /* PHLevelsHorizAnimation.m in Sources */,
				3A9AF24E1688369300C960E3 /* PHFlyingRectAnimation.m in Sources */,
				1E791A74168820AB008106F3 /* PHNyanCatAnimation.m in Sources */,
				66A26D54168847EC009F7B33 /* PHPixelHeartAnimation.m in Sources */,
				66A26D721689190A009F7B33 /* PHGameOfLifeAnimation.m in Sources */,
				66A26D7616892A2F009F7B33 /* PHWaveFormView.m in Sources */,
				660D259A1689B20100727312 /* PHRotationAnimation.m in Sources */,
				66393E69168AC819002BD86F /* PHMote.m in Sources */,
				66393E6D168AD63E002BD86F /* PHMoteServer.m in Sources */,
				66393E70168ADB9B002BD86F /* PHSimpleMoteAnimation.m in Sources */,
				66393E7B168AEFC7002BD86F /* PHTooltipWindow.m in Sources */,
				66393E7E168AEFFD002BD86F /* PHTooltipView.m in Sources */,
				6693A308168BCF1B00DA2946 /* PHTunnelGameAnimation.m in Sources */,
				6693A30B168C0ECA00DA2946 /* PHCountdownAnimation.m in Sources */,
				6693A310168C264D00DA2946 /* PHRipplesAnimation.m in Sources */,
				663C83A1168EC254003B88A1 /* PHProcessingServer.m in Sources */,
				663C83A6168EE50F003B88A1 /* PHProcessingAnimation.m in Sources */,
				663C83A9168EE542003B88A1 /* PHProcessingSource.m in Sources */,
				663C83AC168F0520003B88A1 /* PHDJAnimation.m in Sources */,
				6693A313168FE0D800DA2946 /* PHSophJoyAnimation.m in Sources */,
				6693A316168FF0F700DA2946 /* PHCombAnimation.m in Sources */,
				66A64E8C1691437100A701BA /* PHAdventureTimeAnimation.m in Sources */,
				66A64E8F1691441600A701BA /* PHPixelRainAnimation.m in Sources */,
			);
			runOnlyForDeploymentPostprocessing = 0;
		};
/* End PBXSourcesBuildPhase section */

/* Begin PBXVariantGroup section */
		66DC7B5A1676FC2F00453E8F /* InfoPlist.strings */ = {
			isa = PBXVariantGroup;
			children = (
				66DC7B5B1676FC2F00453E8F /* en */,
			);
			name = InfoPlist.strings;
			path = PixelDriver;
			sourceTree = "<group>";
		};
		66DC7B601676FC2F00453E8F /* Credits.rtf */ = {
			isa = PBXVariantGroup;
			children = (
				66DC7B611676FC2F00453E8F /* en */,
			);
			name = Credits.rtf;
			path = PixelDriver;
			sourceTree = "<group>";
		};
		66DC7B661676FC3000453E8F /* MainMenu.xib */ = {
			isa = PBXVariantGroup;
			children = (
				66DC7B671676FC3000453E8F /* en */,
			);
			name = MainMenu.xib;
			path = PixelDriver;
			sourceTree = "<group>";
		};
/* End PBXVariantGroup section */

/* Begin XCBuildConfiguration section */
		66DC7B691676FC3000453E8F /* Debug */ = {
			isa = XCBuildConfiguration;
			buildSettings = {
				ALWAYS_SEARCH_USER_PATHS = NO;
				ARCHS = "$(ARCHS_STANDARD_64_BIT)";
				CLANG_CXX_LANGUAGE_STANDARD = "gnu++0x";
				CLANG_CXX_LIBRARY = "libc++";
				CLANG_ENABLE_OBJC_ARC = YES;
				CLANG_WARN__DUPLICATE_METHOD_MATCH = YES;
				COPY_PHASE_STRIP = NO;
				GCC_C_LANGUAGE_STANDARD = gnu99;
				GCC_DYNAMIC_NO_PIC = NO;
				GCC_ENABLE_OBJC_EXCEPTIONS = YES;
				GCC_OPTIMIZATION_LEVEL = 0;
				GCC_PREPROCESSOR_DEFINITIONS = (
					"DEBUG=1",
					"$(inherited)",
				);
				GCC_SYMBOLS_PRIVATE_EXTERN = NO;
				GCC_WARN_64_TO_32_BIT_CONVERSION = YES;
				GCC_WARN_ABOUT_RETURN_TYPE = YES;
				GCC_WARN_UNINITIALIZED_AUTOS = YES;
				GCC_WARN_UNUSED_VARIABLE = YES;
				MACOSX_DEPLOYMENT_TARGET = 10.8;
				ONLY_ACTIVE_ARCH = YES;
				SDKROOT = macosx;
			};
			name = Debug;
		};
		66DC7B6A1676FC3000453E8F /* Release */ = {
			isa = XCBuildConfiguration;
			buildSettings = {
				ALWAYS_SEARCH_USER_PATHS = NO;
				ARCHS = "$(ARCHS_STANDARD_64_BIT)";
				CLANG_CXX_LANGUAGE_STANDARD = "gnu++0x";
				CLANG_CXX_LIBRARY = "libc++";
				CLANG_ENABLE_OBJC_ARC = YES;
				CLANG_WARN__DUPLICATE_METHOD_MATCH = YES;
				COPY_PHASE_STRIP = YES;
				DEBUG_INFORMATION_FORMAT = "dwarf-with-dsym";
				GCC_C_LANGUAGE_STANDARD = gnu99;
				GCC_ENABLE_OBJC_EXCEPTIONS = YES;
				GCC_WARN_64_TO_32_BIT_CONVERSION = YES;
				GCC_WARN_ABOUT_RETURN_TYPE = YES;
				GCC_WARN_UNINITIALIZED_AUTOS = YES;
				GCC_WARN_UNUSED_VARIABLE = YES;
				MACOSX_DEPLOYMENT_TARGET = 10.8;
				SDKROOT = macosx;
			};
			name = Release;
		};
		66DC7B6C1676FC3000453E8F /* Debug */ = {
			isa = XCBuildConfiguration;
			baseConfigurationReference = 66DC7B77167724C300453E8F /* target.xcconfig */;
			buildSettings = {
				COMBINE_HIDPI_IMAGES = YES;
				GCC_PRECOMPILE_PREFIX_HEADER = YES;
				GCC_PREFIX_HEADER = "PixelDriver/PixelDriver-Prefix.pch";
				INFOPLIST_FILE = "PixelDriver/PixelDriver-Info.plist";
				LIBRARY_SEARCH_PATHS = (
					"$(inherited)",
					"\"$(SRCROOT)/fmod\"",
				);
				MACOSX_DEPLOYMENT_TARGET = 10.7;
				PRODUCT_NAME = "$(TARGET_NAME)";
				WRAPPER_EXTENSION = app;
			};
			name = Debug;
		};
		66DC7B6D1676FC3000453E8F /* Release */ = {
			isa = XCBuildConfiguration;
			baseConfigurationReference = 66DC7B77167724C300453E8F /* target.xcconfig */;
			buildSettings = {
				COMBINE_HIDPI_IMAGES = YES;
				GCC_PRECOMPILE_PREFIX_HEADER = YES;
				GCC_PREFIX_HEADER = "PixelDriver/PixelDriver-Prefix.pch";
				INFOPLIST_FILE = "PixelDriver/PixelDriver-Info.plist";
				LIBRARY_SEARCH_PATHS = (
					"$(inherited)",
					"\"$(SRCROOT)/fmod\"",
				);
				MACOSX_DEPLOYMENT_TARGET = 10.7;
				PRODUCT_NAME = "$(TARGET_NAME)";
				WRAPPER_EXTENSION = app;
			};
			name = Release;
		};
/* End XCBuildConfiguration section */

/* Begin XCConfigurationList section */
		66DC7B471676FC2F00453E8F /* Build configuration list for PBXProject "PixelDriver" */ = {
			isa = XCConfigurationList;
			buildConfigurations = (
				66DC7B691676FC3000453E8F /* Debug */,
				66DC7B6A1676FC3000453E8F /* Release */,
			);
			defaultConfigurationIsVisible = 0;
			defaultConfigurationName = Release;
		};
		66DC7B6B1676FC3000453E8F /* Build configuration list for PBXNativeTarget "PixelDriver" */ = {
			isa = XCConfigurationList;
			buildConfigurations = (
				66DC7B6C1676FC3000453E8F /* Debug */,
				66DC7B6D1676FC3000453E8F /* Release */,
			);
			defaultConfigurationIsVisible = 0;
			defaultConfigurationName = Release;
		};
/* End XCConfigurationList section */
	};
	rootObject = 66DC7B441676FC2F00453E8F /* Project object */;
}
